// !$*UTF8*$!
{
	archiveVersion = 1;
	classes = {
	};
	objectVersion = 46;
	objects = {

/* Begin PBXBuildFile section */
		BE0287261EEF735100C3E425 /* AppDelegate.swift in Sources */ = {isa = PBXBuildFile; fileRef = BE0287251EEF735100C3E425 /* AppDelegate.swift */; };
		BE0287281EEF735100C3E425 /* ViewController.swift in Sources */ = {isa = PBXBuildFile; fileRef = BE0287271EEF735100C3E425 /* ViewController.swift */; };
		BE02872B1EEF735100C3E425 /* Main.storyboard in Resources */ = {isa = PBXBuildFile; fileRef = BE0287291EEF735100C3E425 /* Main.storyboard */; };
		BE02872D1EEF735100C3E425 /* Assets.xcassets in Resources */ = {isa = PBXBuildFile; fileRef = BE02872C1EEF735100C3E425 /* Assets.xcassets */; };
		BE0287301EEF735100C3E425 /* LaunchScreen.storyboard in Resources */ = {isa = PBXBuildFile; fileRef = BE02872E1EEF735100C3E425 /* LaunchScreen.storyboard */; };
		BE02875B1EEFDFB800C3E425 /* CouchbaseLiteSwift.framework in Frameworks */ = {isa = PBXBuildFile; fileRef = BE02875A1EEFDFB800C3E425 /* CouchbaseLiteSwift.framework */; };
		BE02875C1EEFDFC800C3E425 /* CouchbaseLiteSwift.framework in Frameworks */ = {isa = PBXBuildFile; fileRef = BE02875A1EEFDFB800C3E425 /* CouchbaseLiteSwift.framework */; };
		BE02875D1EEFDFC800C3E425 /* CouchbaseLiteSwift.framework in Embed Frameworks */ = {isa = PBXBuildFile; fileRef = BE02875A1EEFDFB800C3E425 /* CouchbaseLiteSwift.framework */; settings = {ATTRIBUTES = (CodeSignOnCopy, RemoveHeadersOnCopy, ); }; };
/* End PBXBuildFile section */

/* Begin PBXCopyFilesBuildPhase section */
		BE02875E1EEFDFC800C3E425 /* Embed Frameworks */ = {
			isa = PBXCopyFilesBuildPhase;
			buildActionMask = 2147483647;
			dstPath = "";
			dstSubfolderSpec = 10;
			files = (
				BE02875D1EEFDFC800C3E425 /* CouchbaseLiteSwift.framework in Embed Frameworks */,
			);
			name = "Embed Frameworks";
			runOnlyForDeploymentPostprocessing = 0;
		};
/* End PBXCopyFilesBuildPhase section */

/* Begin PBXFileReference section */
		BE0287221EEF735100C3E425 /* swift-examples.app */ = {isa = PBXFileReference; explicitFileType = wrapper.application; includeInIndex = 0; path = "swift-examples.app"; sourceTree = BUILT_PRODUCTS_DIR; };
		BE0287251EEF735100C3E425 /* AppDelegate.swift */ = {isa = PBXFileReference; lastKnownFileType = sourcecode.swift; path = AppDelegate.swift; sourceTree = "<group>"; };
		BE0287271EEF735100C3E425 /* ViewController.swift */ = {isa = PBXFileReference; lastKnownFileType = sourcecode.swift; path = ViewController.swift; sourceTree = "<group>"; };
		BE02872A1EEF735100C3E425 /* Base */ = {isa = PBXFileReference; lastKnownFileType = file.storyboard; name = Base; path = Base.lproj/Main.storyboard; sourceTree = "<group>"; };
		BE02872C1EEF735100C3E425 /* Assets.xcassets */ = {isa = PBXFileReference; lastKnownFileType = folder.assetcatalog; path = Assets.xcassets; sourceTree = "<group>"; };
		BE02872F1EEF735100C3E425 /* Base */ = {isa = PBXFileReference; lastKnownFileType = file.storyboard; name = Base; path = Base.lproj/LaunchScreen.storyboard; sourceTree = "<group>"; };
		BE0287311EEF735100C3E425 /* Info.plist */ = {isa = PBXFileReference; lastKnownFileType = text.plist.xml; path = Info.plist; sourceTree = "<group>"; };
		BE02875A1EEFDFB800C3E425 /* CouchbaseLiteSwift.framework */ = {isa = PBXFileReference; lastKnownFileType = wrapper.framework; name = CouchbaseLiteSwift.framework; path = Carthage/Build/iOS/CouchbaseLiteSwift.framework; sourceTree = "<group>"; };
/* End PBXFileReference section */

/* Begin PBXFrameworksBuildPhase section */
		BE02871F1EEF735100C3E425 /* Frameworks */ = {
			isa = PBXFrameworksBuildPhase;
			buildActionMask = 2147483647;
			files = (
				BE02875C1EEFDFC800C3E425 /* CouchbaseLiteSwift.framework in Frameworks */,
				BE02875B1EEFDFB800C3E425 /* CouchbaseLiteSwift.framework in Frameworks */,
			);
			runOnlyForDeploymentPostprocessing = 0;
		};
/* End PBXFrameworksBuildPhase section */

/* Begin PBXGroup section */
		BE0287191EEF735100C3E425 = {
			isa = PBXGroup;
			children = (
				BE02875A1EEFDFB800C3E425 /* CouchbaseLiteSwift.framework */,
				BE0287241EEF735100C3E425 /* swift-examples */,
				BE0287231EEF735100C3E425 /* Products */,
			);
			sourceTree = "<group>";
		};
		BE0287231EEF735100C3E425 /* Products */ = {
			isa = PBXGroup;
			children = (
				BE0287221EEF735100C3E425 /* swift-examples.app */,
			);
			name = Products;
			sourceTree = "<group>";
		};
		BE0287241EEF735100C3E425 /* swift-examples */ = {
			isa = PBXGroup;
			children = (
				BE0287251EEF735100C3E425 /* AppDelegate.swift */,
				BE0287271EEF735100C3E425 /* ViewController.swift */,
				BE0287291EEF735100C3E425 /* Main.storyboard */,
				BE02872C1EEF735100C3E425 /* Assets.xcassets */,
				BE02872E1EEF735100C3E425 /* LaunchScreen.storyboard */,
				BE0287311EEF735100C3E425 /* Info.plist */,
			);
			path = "swift-examples";
			sourceTree = "<group>";
		};
/* End PBXGroup section */

/* Begin PBXNativeTarget section */
		BE0287211EEF735100C3E425 /* swift-examples */ = {
			isa = PBXNativeTarget;
			buildConfigurationList = BE0287341EEF735100C3E425 /* Build configuration list for PBXNativeTarget "swift-examples" */;
			buildPhases = (
				BE02871E1EEF735100C3E425 /* Sources */,
				BE02871F1EEF735100C3E425 /* Frameworks */,
				BE0287201EEF735100C3E425 /* Resources */,
				BE02875E1EEFDFC800C3E425 /* Embed Frameworks */,
			);
			buildRules = (
			);
			dependencies = (
			);
			name = "swift-examples";
			productName = "swift-examples";
			productReference = BE0287221EEF735100C3E425 /* swift-examples.app */;
			productType = "com.apple.product-type.application";
		};
/* End PBXNativeTarget section */

/* Begin PBXProject section */
		BE02871A1EEF735100C3E425 /* Project object */ = {
			isa = PBXProject;
			attributes = {
				LastSwiftUpdateCheck = 0830;
				LastUpgradeCheck = 0830;
				ORGANIZATIONNAME = couchbase;
				TargetAttributes = {
					BE0287211EEF735100C3E425 = {
						CreatedOnToolsVersion = 8.3.2;
						ProvisioningStyle = Automatic;
					};
				};
			};
			buildConfigurationList = BE02871D1EEF735100C3E425 /* Build configuration list for PBXProject "swift-examples" */;
			compatibilityVersion = "Xcode 3.2";
			developmentRegion = English;
			hasScannedForEncodings = 0;
			knownRegions = (
				en,
				Base,
			);
			mainGroup = BE0287191EEF735100C3E425;
			productRefGroup = BE0287231EEF735100C3E425 /* Products */;
			projectDirPath = "";
			projectRoot = "";
			targets = (
				BE0287211EEF735100C3E425 /* swift-examples */,
			);
		};
/* End PBXProject section */

/* Begin PBXResourcesBuildPhase section */
		BE0287201EEF735100C3E425 /* Resources */ = {
			isa = PBXResourcesBuildPhase;
			buildActionMask = 2147483647;
			files = (
				BE0287301EEF735100C3E425 /* LaunchScreen.storyboard in Resources */,
				BE02872D1EEF735100C3E425 /* Assets.xcassets in Resources */,
				BE02872B1EEF735100C3E425 /* Main.storyboard in Resources */,
			);
			runOnlyForDeploymentPostprocessing = 0;
		};
/* End PBXResourcesBuildPhase section */

/* Begin PBXSourcesBuildPhase section */
		BE02871E1EEF735100C3E425 /* Sources */ = {
			isa = PBXSourcesBuildPhase;
			buildActionMask = 2147483647;
			files = (
				BE0287281EEF735100C3E425 /* ViewController.swift in Sources */,
				BE0287261EEF735100C3E425 /* AppDelegate.swift in Sources */,
			);
			runOnlyForDeploymentPostprocessing = 0;
		};
/* End PBXSourcesBuildPhase section */

/* Begin PBXVariantGroup section */
		BE0287291EEF735100C3E425 /* Main.storyboard */ = {
			isa = PBXVariantGroup;
			children = (
				BE02872A1EEF735100C3E425 /* Base */,
			);
			name = Main.storyboard;
			sourceTree = "<group>";
		};
		BE02872E1EEF735100C3E425 /* LaunchScreen.storyboard */ = {
			isa = PBXVariantGroup;
			children = (
				BE02872F1EEF735100C3E425 /* Base */,
			);
			name = LaunchScreen.storyboard;
			sourceTree = "<group>";
		};
/* End PBXVariantGroup section */

/* Begin XCBuildConfiguration section */
		BE0287321EEF735100C3E425 /* Debug */ = {
			isa = XCBuildConfiguration;
			buildSettings = {
				ALWAYS_SEARCH_USER_PATHS = NO;
				CLANG_ANALYZER_NONNULL = YES;
				CLANG_ANALYZER_NUMBER_OBJECT_CONVERSION = YES_AGGRESSIVE;
				CLANG_CXX_LANGUAGE_STANDARD = "gnu++0x";
				CLANG_CXX_LIBRARY = "libc++";
				CLANG_ENABLE_MODULES = YES;
				CLANG_ENABLE_OBJC_ARC = YES;
				CLANG_WARN_BOOL_CONVERSION = YES;
				CLANG_WARN_CONSTANT_CONVERSION = YES;
				CLANG_WARN_DIRECT_OBJC_ISA_USAGE = YES_ERROR;
				CLANG_WARN_DOCUMENTATION_COMMENTS = YES;
				CLANG_WARN_EMPTY_BODY = YES;
				CLANG_WARN_ENUM_CONVERSION = YES;
				CLANG_WARN_INFINITE_RECURSION = YES;
				CLANG_WARN_INT_CONVERSION = YES;
				CLANG_WARN_OBJC_ROOT_CLASS = YES_ERROR;
				CLANG_WARN_SUSPICIOUS_MOVE = YES;
				CLANG_WARN_UNREACHABLE_CODE = YES;
				CLANG_WARN__DUPLICATE_METHOD_MATCH = YES;
				"CODE_SIGN_IDENTITY[sdk=iphoneos*]" = "iPhone Developer";
				COPY_PHASE_STRIP = NO;
				DEBUG_INFORMATION_FORMAT = dwarf;
				ENABLE_STRICT_OBJC_MSGSEND = YES;
				ENABLE_TESTABILITY = YES;
				GCC_C_LANGUAGE_STANDARD = gnu99;
				GCC_DYNAMIC_NO_PIC = NO;
				GCC_NO_COMMON_BLOCKS = YES;
				GCC_OPTIMIZATION_LEVEL = 0;
				GCC_PREPROCESSOR_DEFINITIONS = (
					"DEBUG=1",
					"$(inherited)",
				);
				GCC_WARN_64_TO_32_BIT_CONVERSION = YES;
				GCC_WARN_ABOUT_RETURN_TYPE = YES_ERROR;
				GCC_WARN_UNDECLARED_SELECTOR = YES;
				GCC_WARN_UNINITIALIZED_AUTOS = YES_AGGRESSIVE;
				GCC_WARN_UNUSED_FUNCTION = YES;
				GCC_WARN_UNUSED_VARIABLE = YES;
				IPHONEOS_DEPLOYMENT_TARGET = 10.3;
				MTL_ENABLE_DEBUG_INFO = YES;
				ONLY_ACTIVE_ARCH = YES;
				SDKROOT = iphoneos;
				SWIFT_ACTIVE_COMPILATION_CONDITIONS = DEBUG;
				SWIFT_OPTIMIZATION_LEVEL = "-Onone";
			};
			name = Debug;
		};
		BE0287331EEF735100C3E425 /* Release */ = {
			isa = XCBuildConfiguration;
			buildSettings = {
				ALWAYS_SEARCH_USER_PATHS = NO;
				CLANG_ANALYZER_NONNULL = YES;
				CLANG_ANALYZER_NUMBER_OBJECT_CONVERSION = YES_AGGRESSIVE;
				CLANG_CXX_LANGUAGE_STANDARD = "gnu++0x";
				CLANG_CXX_LIBRARY = "libc++";
				CLANG_ENABLE_MODULES = YES;
				CLANG_ENABLE_OBJC_ARC = YES;
				CLANG_WARN_BOOL_CONVERSION = YES;
				CLANG_WARN_CONSTANT_CONVERSION = YES;
				CLANG_WARN_DIRECT_OBJC_ISA_USAGE = YES_ERROR;
				CLANG_WARN_DOCUMENTATION_COMMENTS = YES;
				CLANG_WARN_EMPTY_BODY = YES;
				CLANG_WARN_ENUM_CONVERSION = YES;
				CLANG_WARN_INFINITE_RECURSION = YES;
				CLANG_WARN_INT_CONVERSION = YES;
				CLANG_WARN_OBJC_ROOT_CLASS = YES_ERROR;
				CLANG_WARN_SUSPICIOUS_MOVE = YES;
				CLANG_WARN_UNREACHABLE_CODE = YES;
				CLANG_WARN__DUPLICATE_METHOD_MATCH = YES;
				"CODE_SIGN_IDENTITY[sdk=iphoneos*]" = "iPhone Developer";
				COPY_PHASE_STRIP = NO;
				DEBUG_INFORMATION_FORMAT = "dwarf-with-dsym";
				ENABLE_NS_ASSERTIONS = NO;
				ENABLE_STRICT_OBJC_MSGSEND = YES;
				GCC_C_LANGUAGE_STANDARD = gnu99;
				GCC_NO_COMMON_BLOCKS = YES;
				GCC_WARN_64_TO_32_BIT_CONVERSION = YES;
				GCC_WARN_ABOUT_RETURN_TYPE = YES_ERROR;
				GCC_WARN_UNDECLARED_SELECTOR = YES;
				GCC_WARN_UNINITIALIZED_AUTOS = YES_AGGRESSIVE;
				GCC_WARN_UNUSED_FUNCTION = YES;
				GCC_WARN_UNUSED_VARIABLE = YES;
				IPHONEOS_DEPLOYMENT_TARGET = 10.3;
				MTL_ENABLE_DEBUG_INFO = NO;
				SDKROOT = iphoneos;
				SWIFT_OPTIMIZATION_LEVEL = "-Owholemodule";
				VALIDATE_PRODUCT = YES;
			};
			name = Release;
		};
		BE0287351EEF735100C3E425 /* Debug */ = {
			isa = XCBuildConfiguration;
			buildSettings = {
				ASSETCATALOG_COMPILER_APPICON_NAME = AppIcon;
				FRAMEWORK_SEARCH_PATHS = (
					"$(inherited)",
					"$(PROJECT_DIR)/Carthage/Build/iOS",
				);
				INFOPLIST_FILE = "swift-examples/Info.plist";
				LD_RUNPATH_SEARCH_PATHS = "$(inherited) @executable_path/Frameworks";
				PRODUCT_BUNDLE_IDENTIFIER = "com.couchbase.swift-examples";
				PRODUCT_NAME = "$(TARGET_NAME)";
				SWIFT_VERSION = 3.0;
			};
			name = Debug;
		};
		BE0287361EEF735100C3E425 /* Release */ = {
			isa = XCBuildConfiguration;
			buildSettings = {
				ASSETCATALOG_COMPILER_APPICON_NAME = AppIcon;
				FRAMEWORK_SEARCH_PATHS = (
					"$(inherited)",
					"$(PROJECT_DIR)/Carthage/Build/iOS",
				);
				INFOPLIST_FILE = "swift-examples/Info.plist";
				LD_RUNPATH_SEARCH_PATHS = "$(inherited) @executable_path/Frameworks";
				PRODUCT_BUNDLE_IDENTIFIER = "com.couchbase.swift-examples";
				PRODUCT_NAME = "$(TARGET_NAME)";
				SWIFT_VERSION = 3.0;
			};
			name = Release;
		};
/* End XCBuildConfiguration section */

/* Begin XCConfigurationList section */
		BE02871D1EEF735100C3E425 /* Build configuration list for PBXProject "swift-examples" */ = {
			isa = XCConfigurationList;
			buildConfigurations = (
				BE0287321EEF735100C3E425 /* Debug */,
				BE0287331EEF735100C3E425 /* Release */,
			);
			defaultConfigurationIsVisible = 0;
			defaultConfigurationName = Release;
		};
		BE0287341EEF735100C3E425 /* Build configuration list for PBXNativeTarget "swift-examples" */ = {
			isa = XCConfigurationList;
			buildConfigurations = (
				BE0287351EEF735100C3E425 /* Debug */,
				BE0287361EEF735100C3E425 /* Release */,
			);
			defaultConfigurationIsVisible = 0;
		};
/* End XCConfigurationList section */
	};
	rootObject = BE02871A1EEF735100C3E425 /* Project object */;
}
